<?xml version="1.0" encoding="utf-8"?>
<Project ToolsVersion="4.0" xmlns="http://schemas.microsoft.com/developer/msbuild/2003">
  <ItemGroup>
    <Filter Include="Build Files">
      <UniqueIdentifier>{4FC347F1-C7A5-4336-A166-2A32D982A2FF}</UniqueIdentifier>
      <Extensions>bat;cmd;ps1;cmake;am;in;sh;bash;lst</Extensions>
    </Filter>
    <Filter Include="Header Files">
      <UniqueIdentifier>{93995380-89BD-4b04-88EB-625FBE52EBFB}</UniqueIdentifier>
      <Extensions>h;hh;hpp;hxx;h++;hm;inl;inc;ipp;xsd</Extensions>
    </Filter>
    <Filter Include="Resource Files">
      <UniqueIdentifier>{67DA6AB6-F800-4c08-8B7A-83BB121AAD01}</UniqueIdentifier>
      <Extensions>rc;ico;cur;bmp;dlg;rc2;rct;bin;rgs;gif;jpg;jpeg;jpe;resx;tiff;tif;png;wav;mp3;mp4;mkv;flac;mfcribbon-ms</Extensions>
    </Filter>
    <Filter Include="Source Files">
      <UniqueIdentifier>{4FC737F1-C7A5-4376-A066-2A32D752A2FF}</UniqueIdentifier>
      <Extensions>cpp;c;cc;cxx;c++;cppm;ixx;def;odl;idl;hpj;y;yy;l;asm;asmx;jav;java;cs;s;m;mm;pl;py;rb;htm;html;xml</Extensions>
    </Filter>
  </ItemGroup>
  <ItemGroup>
    <None Include="$(ProjectName).pre.bat">
      <Filter>Build Files</Filter>
    </None>
    <None Include="$(ProjectName).post.bat">
      <Filter>Build Files</Filter>
    </None>
  </ItemGroup>
  <ItemGroup>
    <ClInclude Include="mp3.h">
      <Filter>Header Files</Filter>
    </ClInclude>
    <ClInclude Include="mp3_silence.h">
      <Filter>Header Files</Filter>
    </ClInclude>
    <ClInclude Include="mp3_utils.h">
      <Filter>Header Files</Filter>
    </ClInclude>
    <ClInclude Include="silence_processors.h">
      <Filter>Header Files</Filter>
    </ClInclude>
    <ClInclude Include="huffman.h">
      <Filter>Header Files</Filter>
    </ClInclude>
    <ClInclude Include="layer3.h">
      <Filter>Header Files</Filter>
    </ClInclude>
    <ClInclude Include="layer12.h">
      <Filter>Header Files</Filter>
    </ClInclude>
    <ClInclude Include="bit.h">
      <Filter>Header Files</Filter>
    </ClInclude>
    <ClInclude Include="mad.h">
      <Filter>Header Files</Filter>
    </ClInclude>
    <ClInclude Include="timer.h">
      <Filter>Header Files</Filter>
    </ClInclude>
    <ClInclude Include="synth.h">
      <Filter>Header Files</Filter>
    </ClInclude>
    <ClInclude Include="fixed.h">
      <Filter>Header Files</Filter>
    </ClInclude>
  </ItemGroup>
  <ItemGroup>
    <ClCompile Include="mp3.c">
      <Filter>Source Files</Filter>
    </ClCompile>
    <ClCompile Include="mp3_silence.c">
      <Filter>Source Files</Filter>
    </ClCompile>
    <ClCompile Include="mp3_utils.c">
      <Filter>Source Files</Filter>
    </ClCompile>
    <ClCompile Include="silence_processors.c">
      <Filter>Source Files</Filter>
    </ClCompile>
    <ClCompile Include="huffman.c">
      <Filter>Source Files</Filter>
    </ClCompile>
    <ClCompile Include="layer3.c">
      <Filter>Source Files</Filter>
    </ClCompile>
    <ClCompile Include="layer12.c">
      <Filter>Source Files</Filter>
    </ClCompile>
    <ClCompile Include="stream.c">
      <Filter>Source Files</Filter>
    </ClCompile>
    <ClCompile Include="bit.c">
      <Filter>Source Files</Filter>
    </ClCompile>
    <ClCompile Include="frame.c">
      <Filter>Source Files</Filter>
    </ClCompile>
    <ClCompile Include="timer.c">
      <Filter>Source Files</Filter>
    </ClCompile>
    <ClCompile Include="synth.c">
      <Filter>Source Files</Filter>
    </ClCompile>
    <ClCompile Include="fixed.c">
      <Filter>Source Files</Filter>
    </ClCompile>
  </ItemGroup>
  <ItemGroup>
    <None Include="D.dat">
      <Filter>Resource Files</Filter>
    </None>
    <None Include="qc_table.dat">
      <Filter>Resource Files</Filter>
    </None>
    <None Include="rq_table.dat">
      <Filter>Resource Files</Filter>
    </None>
    <None Include="sf_table.dat">
      <Filter>Resource Files</Filter>
    </None>
    <None Include="imdct_s.dat">
      <Filter>Resource Files</Filter>
    </None>
  </ItemGroup>
</Project>